
Microsoft Visual Studio Solution File, Format Version 12.00
# Visual Studio 14
VisualStudioVersion = 14.0.25420.1
MinimumVisualStudioVersion = 10.0.40219.1
Project("{FAE04EC0-301F-11D3-BF4B-00C04F79EFBC}") = "NewsSystem.Data.Models", "NewsSystem.Data.Models\NewsSystem.Data.Models.csproj", "{874288C5-4D2A-49F4-98AB-6815819810E2}"
EndProject
Project("{FAE04EC0-301F-11D3-BF4B-00C04F79EFBC}") = "NewsSystem.Data", "Newssystem.Data\NewsSystem.Data.csproj", "{F50322EE-3BBE-4677-9B54-F10CF741DBF0}"
EndProject
Project("{FAE04EC0-301F-11D3-BF4B-00C04F79EFBC}") = "NewsSystem.Common", "NewsSystem.Common\NewsSystem.Common.csproj", "{3C1021DD-D40D-4EED-A9C8-C960E2CF6A45}"
EndProject
Project("{FAE04EC0-301F-11D3-BF4B-00C04F79EFBC}") = "NewsSystem.Services", "NewsSystem.Services\NewsSystem.Services.csproj", "{B50F3791-4FC3-4D09-A8D2-1C0DDA9EFA91}"
EndProject
Project("{FAE04EC0-301F-11D3-BF4B-00C04F79EFBC}") = "NewsSystem.Auth", "NewsSystem.Auth\NewsSystem.Auth.csproj", "{4EE41AA1-6B2F-4EAD-A556-70A9895BC8C6}"
EndProject
Global
	GlobalSection(SolutionConfigurationPlatforms) = preSolution
		Debug|Any CPU = Debug|Any CPU
		Release|Any CPU = Release|Any CPU
	EndGlobalSection
	GlobalSection(ProjectConfigurationPlatforms) = postSolution
		{874288C5-4D2A-49F4-98AB-6815819810E2}.Debug|Any CPU.ActiveCfg = Debug|Any CPU
		{874288C5-4D2A-49F4-98AB-6815819810E2}.Debug|Any CPU.Build.0 = Debug|Any CPU
		{874288C5-4D2A-49F4-98AB-6815819810E2}.Release|Any CPU.ActiveCfg = Release|Any CPU
		{874288C5-4D2A-49F4-98AB-6815819810E2}.Release|Any CPU.Build.0 = Release|Any CPU
		{F50322EE-3BBE-4677-9B54-F10CF741DBF0}.Debug|Any CPU.ActiveCfg = Debug|Any CPU
		{F50322EE-3BBE-4677-9B54-F10CF741DBF0}.Debug|Any CPU.Build.0 = Debug|Any CPU
		{F50322EE-3BBE-4677-9B54-F10CF741DBF0}.Release|Any CPU.ActiveCfg = Release|Any CPU
		{F50322EE-3BBE-4677-9B54-F10CF741DBF0}.Release|Any CPU.Build.0 = Release|Any CPU
		{3C1021DD-D40D-4EED-A9C8-C960E2CF6A45}.Debug|Any CPU.ActiveCfg = Debug|Any CPU
		{3C1021DD-D40D-4EED-A9C8-C960E2CF6A45}.Debug|Any CPU.Build.0 = Debug|Any CPU
		{3C1021DD-D40D-4EED-A9C8-C960E2CF6A45}.Release|Any CPU.ActiveCfg = Release|Any CPU
		{3C1021DD-D40D-4EED-A9C8-C960E2CF6A45}.Release|Any CPU.Build.0 = Release|Any CPU
		{B50F3791-4FC3-4D09-A8D2-1C0DDA9EFA91}.Debug|Any CPU.ActiveCfg = Debug|Any CPU
		{B50F3791-4FC3-4D09-A8D2-1C0DDA9EFA91}.Debug|Any CPU.Build.0 = Debug|Any CPU
		{B50F3791-4FC3-4D09-A8D2-1C0DDA9EFA91}.Release|Any CPU.ActiveCfg = Release|Any CPU
		{B50F3791-4FC3-4D09-A8D2-1C0DDA9EFA91}.Release|Any CPU.Build.0 = Release|Any CPU
		{4EE41AA1-6B2F-4EAD-A556-70A9895BC8C6}.Debug|Any CPU.ActiveCfg = Debug|Any CPU
		{4EE41AA1-6B2F-4EAD-A556-70A9895BC8C6}.Debug|Any CPU.Build.0 = Debug|Any CPU
		{4EE41AA1-6B2F-4EAD-A556-70A9895BC8C6}.Release|Any CPU.ActiveCfg = Release|Any CPU
		{4EE41AA1-6B2F-4EAD-A556-70A9895BC8C6}.Release|Any CPU.Build.0 = Release|Any CPU
	EndGlobalSection
	GlobalSection(SolutionProperties) = preSolution
		HideSolutionNode = FALSE
	EndGlobalSection
EndGlobal
